
Microsoft Visual Studio Solution File, Format Version 12.00
# Visual Studio Version 17
VisualStudioVersion = 17.10.35013.160
MinimumVisualStudioVersion = 10.0.40219.1
Project("{9A19103F-16F7-4668-BE54-9A1E7A4F7556}") = "Play.Caterlog.Service", "Play.Caterlog.Service\Play.Caterlog.Service.csproj", "{F95F73BB-561C-45D1-A654-8742C6F4FD01}"
EndProject
Project("{FAE04EC0-301F-11D3-BF4B-00C04F79EFBC}") = "Play.Caterlog.Contracts", "Play.Caterlog.Contracts\Play.Caterlog.Contracts.csproj", "{7CD01CD6-9906-481F-81F9-2AE02C17DE88}"
EndProject
Global
	GlobalSection(SolutionConfigurationPlatforms) = preSolution
		Debug|Any CPU = Debug|Any CPU
		Release|Any CPU = Release|Any CPU
	EndGlobalSection
	GlobalSection(ProjectConfigurationPlatforms) = postSolution
		{F95F73BB-561C-45D1-A654-8742C6F4FD01}.Debug|Any CPU.ActiveCfg = Debug|Any CPU
		{F95F73BB-561C-45D1-A654-8742C6F4FD01}.Debug|Any CPU.Build.0 = Debug|Any CPU
		{F95F73BB-561C-45D1-A654-8742C6F4FD01}.Release|Any CPU.ActiveCfg = Release|Any CPU
		{F95F73BB-561C-45D1-A654-8742C6F4FD01}.Release|Any CPU.Build.0 = Release|Any CPU
		{7CD01CD6-9906-481F-81F9-2AE02C17DE88}.Debug|Any CPU.ActiveCfg = Debug|Any CPU
		{7CD01CD6-9906-481F-81F9-2AE02C17DE88}.Debug|Any CPU.Build.0 = Debug|Any CPU
		{7CD01CD6-9906-481F-81F9-2AE02C17DE88}.Release|Any CPU.ActiveCfg = Release|Any CPU
		{7CD01CD6-9906-481F-81F9-2AE02C17DE88}.Release|Any CPU.Build.0 = Release|Any CPU
	EndGlobalSection
	GlobalSection(SolutionProperties) = preSolution
		HideSolutionNode = FALSE
	EndGlobalSection
	GlobalSection(ExtensibilityGlobals) = postSolution
		SolutionGuid = {25775CFD-6FD2-4439-8D6C-C39DDAC8B47D}
	EndGlobalSection
EndGlobal
